
Microsoft Visual Studio Solution File, Format Version 12.00
# Visual Studio Version 17
VisualStudioVersion = 17.4.33213.308
MinimumVisualStudioVersion = 10.0.40219.1
Project("{FAE04EC0-301F-11D3-BF4B-00C04F79EFBC}") = "height", "height\height.csproj", "{D1B675E2-4F97-4D7B-A757-84D492CC2405}"
EndProject
Global
	GlobalSection(SolutionConfigurationPlatforms) = preSolution
		Debug|Any CPU = Debug|Any CPU
		Release|Any CPU = Release|Any CPU
	EndGlobalSection
	GlobalSection(ProjectConfigurationPlatforms) = postSolution
		{D1B675E2-4F97-4D7B-A757-84D492CC2405}.Debug|Any CPU.ActiveCfg = Debug|Any CPU
		{D1B675E2-4F97-4D7B-A757-84D492CC2405}.Debug|Any CPU.Build.0 = Debug|Any CPU
		{D1B675E2-4F97-4D7B-A757-84D492CC2405}.Release|Any CPU.ActiveCfg = Release|Any CPU
		{D1B675E2-4F97-4D7B-A757-84D492CC2405}.Release|Any CPU.Build.0 = Release|Any CPU
	EndGlobalSection
	GlobalSection(SolutionProperties) = preSolution
		HideSolutionNode = FALSE
	EndGlobalSection
	GlobalSection(ExtensibilityGlobals) = postSolution
		SolutionGuid = {8EE9CEC7-5E2E-4228-A7C2-DFFC83E6BEB4}
	EndGlobalSection
EndGlobal
